
Microsoft Visual Studio Solution File, Format Version 12.00
# Visual Studio Version 17
VisualStudioVersion = 17.1.32210.238
MinimumVisualStudioVersion = 10.0.40219.1
Project("{FAE04EC0-301F-11D3-BF4B-00C04F79EFBC}") = "Class_object_Concept", "Class_object_Concept\Class_object_Concept.csproj", "{D6971E44-3DF6-4990-81C4-7EF7CB16494A}"
EndProject
Global
	GlobalSection(SolutionConfigurationPlatforms) = preSolution
		Debug|Any CPU = Debug|Any CPU
		Release|Any CPU = Release|Any CPU
	EndGlobalSection
	GlobalSection(ProjectConfigurationPlatforms) = postSolution
		{D6971E44-3DF6-4990-81C4-7EF7CB16494A}.Debug|Any CPU.ActiveCfg = Debug|Any CPU
		{D6971E44-3DF6-4990-81C4-7EF7CB16494A}.Debug|Any CPU.Build.0 = Debug|Any CPU
		{D6971E44-3DF6-4990-81C4-7EF7CB16494A}.Release|Any CPU.ActiveCfg = Release|Any CPU
		{D6971E44-3DF6-4990-81C4-7EF7CB16494A}.Release|Any CPU.Build.0 = Release|Any CPU
	EndGlobalSection
	GlobalSection(SolutionProperties) = preSolution
		HideSolutionNode = FALSE
	EndGlobalSection
	GlobalSection(ExtensibilityGlobals) = postSolution
		SolutionGuid = {0B71AEA6-D2A1-4DB8-999A-F98D95D35129}
	EndGlobalSection
EndGlobal
